
Microsoft Visual Studio Solution File, Format Version 12.00
# Visual Studio Version 16
VisualStudioVersion = 16.0.33328.57
MinimumVisualStudioVersion = 10.0.40219.1
Project("{FAE04EC0-301F-11D3-BF4B-00C04F79EFBC}") = "FistWebApiDemo", "FistWebApiDemo\FistWebApiDemo.csproj", "{51923B98-4CFD-4BB0-BF4B-A295419F813B}"
EndProject
Global
	GlobalSection(SolutionConfigurationPlatforms) = preSolution
		Debug|Any CPU = Debug|Any CPU
		Release|Any CPU = Release|Any CPU
	EndGlobalSection
	GlobalSection(ProjectConfigurationPlatforms) = postSolution
		{51923B98-4CFD-4BB0-BF4B-A295419F813B}.Debug|Any CPU.ActiveCfg = Debug|Any CPU
		{51923B98-4CFD-4BB0-BF4B-A295419F813B}.Debug|Any CPU.Build.0 = Debug|Any CPU
		{51923B98-4CFD-4BB0-BF4B-A295419F813B}.Release|Any CPU.ActiveCfg = Release|Any CPU
		{51923B98-4CFD-4BB0-BF4B-A295419F813B}.Release|Any CPU.Build.0 = Release|Any CPU
	EndGlobalSection
	GlobalSection(SolutionProperties) = preSolution
		HideSolutionNode = FALSE
	EndGlobalSection
	GlobalSection(ExtensibilityGlobals) = postSolution
		SolutionGuid = {845F3AE7-C6D0-4993-9B3E-222C97587043}
	EndGlobalSection
EndGlobal
